
Microsoft Visual Studio Solution File, Format Version 12.00
# Visual Studio Version 17
VisualStudioVersion = 17.9.34622.214
MinimumVisualStudioVersion = 10.0.40219.1
Project("{2150E333-8FDC-42A3-9474-1A3956D46DE8}") = "1.Fundamentals", "1.Fundamentals", "{F51C7A97-89E8-4900-BD7F-4369F15DFE5E}"
EndProject
Project("{2150E333-8FDC-42A3-9474-1A3956D46DE8}") = "src", "src", "{87EB52B2-6E0A-4050-ADD4-42852488E29B}"
EndProject
Project("{2150E333-8FDC-42A3-9474-1A3956D46DE8}") = "tests", "tests", "{82EEC33A-6097-4C31-9F2C-C0FC7167308A}"
EndProject
Project("{9A19103F-16F7-4668-BE54-9A1E7A4F7556}") = "Calculator", "1.Fundamentals\src\Calculator\Calculator.csproj", "{0B482E32-59FD-4056-97BC-1259A53D02FF}"
EndProject
Project("{9A19103F-16F7-4668-BE54-9A1E7A4F7556}") = "Calculator.Tests.Unit", "1.Fundamentals\tests\Calculator.Tests.Unit\Calculator.Tests.Unit.csproj", "{8E40EF22-8527-4298-8081-62C990E91C99}"
EndProject
Project("{2150E333-8FDC-42A3-9474-1A3956D46DE8}") = "LearningMaterial", "LearningMaterial", "{D92D8E9D-C23E-44D8-91F0-77EA3A4B537E}"
EndProject
Project("{9A19103F-16F7-4668-BE54-9A1E7A4F7556}") = "Calculator.Tests.Unit", "LearningMaterial\Calculator.Tests.Unit\Calculator.Tests.Unit.csproj", "{A09139F9-00C9-4D01-A085-0B8CC0EB8D75}"
EndProject
Project("{2150E333-8FDC-42A3-9474-1A3956D46DE8}") = "2.Techniques", "2.Techniques", "{D08B9740-E2FF-475E-AF83-ABC2D1117B85}"
EndProject
Project("{2150E333-8FDC-42A3-9474-1A3956D46DE8}") = "src", "src", "{C919B8E7-41D9-491A-BF2A-5E28267AD609}"
EndProject
Project("{2150E333-8FDC-42A3-9474-1A3956D46DE8}") = "tests", "tests", "{190AC7A3-BA51-4648-9C69-D591985911F9}"
EndProject
Project("{9A19103F-16F7-4668-BE54-9A1E7A4F7556}") = "TestingTechniques", "2.Techniques\src\TestingTechniques\TestingTechniques.csproj", "{45FE2098-16CC-4E03-A24C-9EBB3D9CE2DC}"
EndProject
Project("{9A19103F-16F7-4668-BE54-9A1E7A4F7556}") = "TestingTechniques.Tests.Unit", "2.Techniques\tests\TestingTechniques.Tests.Unit\TestingTechniques.Tests.Unit.csproj", "{FCA39AD1-25CB-49DE-8417-BCF43490C7DA}"
EndProject
Project("{2150E333-8FDC-42A3-9474-1A3956D46DE8}") = "3.Concepts", "3.Concepts", "{1A36643D-3C83-49B1-8B7C-3810E7F94045}"
EndProject
Project("{2150E333-8FDC-42A3-9474-1A3956D46DE8}") = "src", "src", "{99F6CAF9-6211-47D5-A9EF-65A5B2DDF412}"
EndProject
Project("{2150E333-8FDC-42A3-9474-1A3956D46DE8}") = "tests", "tests", "{A2F3F401-7E45-451A-8A43-BD60EA299297}"
EndProject
Project("{9A19103F-16F7-4668-BE54-9A1E7A4F7556}") = "UnderstandingDependencies.Api", "3.Concepts\src\UnderstandingDependencies.Api\UnderstandingDependencies.Api.csproj", "{EA711F3E-1BD3-4E2B-88D6-A5658209826E}"
EndProject
Project("{9A19103F-16F7-4668-BE54-9A1E7A4F7556}") = "UnderstandingDependencies.Api.Tests.Unit", "3.Concepts\tests\UnderstandingDependencies.Api.Tests.Unit\UnderstandingDependencies.Api.Tests.Unit.csproj", "{3E487E7F-1DAF-4054-A11E-0D7537317EA7}"
EndProject
Project("{2150E333-8FDC-42A3-9474-1A3956D46DE8}") = "4.RealWorld", "4.RealWorld", "{5017940B-7080-4C03-9E85-344CA0BE6086}"
EndProject
Project("{2150E333-8FDC-42A3-9474-1A3956D46DE8}") = "src", "src", "{0A32AD5E-D971-47CE-B881-80B62CD9A88D}"
EndProject
Project("{2150E333-8FDC-42A3-9474-1A3956D46DE8}") = "tests", "tests", "{CF52F355-6920-4E41-B560-93AFDDB1FA51}"
EndProject
Project("{9A19103F-16F7-4668-BE54-9A1E7A4F7556}") = "Users.Api", "4.RealWorld\src\Users.Api\Users.Api.csproj", "{41320F0E-1B67-4A33-ADDA-CE8631BBF28B}"
EndProject
Project("{9A19103F-16F7-4668-BE54-9A1E7A4F7556}") = "Users.Api.Tests.Unit", "4.RealWorld\tests\Users.Api.Tests.Unit\Users.Api.Tests.Unit.csproj", "{B482A77F-CD1E-4F9F-8CBE-7DB94578FF8C}"
EndProject
Project("{9A19103F-16F7-4668-BE54-9A1E7A4F7556}") = "Users.Api.Tests.Unit.Application", "LearningMaterial\Users.Api.Tests.Unit.Application\Users.Api.Tests.Unit.Application.csproj", "{BE994551-16A0-4840-98C0-8E6F695DF1A4}"
EndProject
Global
	GlobalSection(SolutionConfigurationPlatforms) = preSolution
		Debug|Any CPU = Debug|Any CPU
		Release|Any CPU = Release|Any CPU
	EndGlobalSection
	GlobalSection(ProjectConfigurationPlatforms) = postSolution
		{0B482E32-59FD-4056-97BC-1259A53D02FF}.Debug|Any CPU.ActiveCfg = Debug|Any CPU
		{0B482E32-59FD-4056-97BC-1259A53D02FF}.Debug|Any CPU.Build.0 = Debug|Any CPU
		{0B482E32-59FD-4056-97BC-1259A53D02FF}.Release|Any CPU.ActiveCfg = Release|Any CPU
		{0B482E32-59FD-4056-97BC-1259A53D02FF}.Release|Any CPU.Build.0 = Release|Any CPU
		{8E40EF22-8527-4298-8081-62C990E91C99}.Debug|Any CPU.ActiveCfg = Debug|Any CPU
		{8E40EF22-8527-4298-8081-62C990E91C99}.Debug|Any CPU.Build.0 = Debug|Any CPU
		{8E40EF22-8527-4298-8081-62C990E91C99}.Release|Any CPU.ActiveCfg = Release|Any CPU
		{8E40EF22-8527-4298-8081-62C990E91C99}.Release|Any CPU.Build.0 = Release|Any CPU
		{A09139F9-00C9-4D01-A085-0B8CC0EB8D75}.Debug|Any CPU.ActiveCfg = Debug|Any CPU
		{A09139F9-00C9-4D01-A085-0B8CC0EB8D75}.Debug|Any CPU.Build.0 = Debug|Any CPU
		{A09139F9-00C9-4D01-A085-0B8CC0EB8D75}.Release|Any CPU.ActiveCfg = Release|Any CPU
		{A09139F9-00C9-4D01-A085-0B8CC0EB8D75}.Release|Any CPU.Build.0 = Release|Any CPU
		{45FE2098-16CC-4E03-A24C-9EBB3D9CE2DC}.Debug|Any CPU.ActiveCfg = Debug|Any CPU
		{45FE2098-16CC-4E03-A24C-9EBB3D9CE2DC}.Debug|Any CPU.Build.0 = Debug|Any CPU
		{45FE2098-16CC-4E03-A24C-9EBB3D9CE2DC}.Release|Any CPU.ActiveCfg = Release|Any CPU
		{45FE2098-16CC-4E03-A24C-9EBB3D9CE2DC}.Release|Any CPU.Build.0 = Release|Any CPU
		{FCA39AD1-25CB-49DE-8417-BCF43490C7DA}.Debug|Any CPU.ActiveCfg = Debug|Any CPU
		{FCA39AD1-25CB-49DE-8417-BCF43490C7DA}.Debug|Any CPU.Build.0 = Debug|Any CPU
		{FCA39AD1-25CB-49DE-8417-BCF43490C7DA}.Release|Any CPU.ActiveCfg = Release|Any CPU
		{FCA39AD1-25CB-49DE-8417-BCF43490C7DA}.Release|Any CPU.Build.0 = Release|Any CPU
		{EA711F3E-1BD3-4E2B-88D6-A5658209826E}.Debug|Any CPU.ActiveCfg = Debug|Any CPU
		{EA711F3E-1BD3-4E2B-88D6-A5658209826E}.Debug|Any CPU.Build.0 = Debug|Any CPU
		{EA711F3E-1BD3-4E2B-88D6-A5658209826E}.Release|Any CPU.ActiveCfg = Release|Any CPU
		{EA711F3E-1BD3-4E2B-88D6-A5658209826E}.Release|Any CPU.Build.0 = Release|Any CPU
		{3E487E7F-1DAF-4054-A11E-0D7537317EA7}.Debug|Any CPU.ActiveCfg = Debug|Any CPU
		{3E487E7F-1DAF-4054-A11E-0D7537317EA7}.Debug|Any CPU.Build.0 = Debug|Any CPU
		{3E487E7F-1DAF-4054-A11E-0D7537317EA7}.Release|Any CPU.ActiveCfg = Release|Any CPU
		{3E487E7F-1DAF-4054-A11E-0D7537317EA7}.Release|Any CPU.Build.0 = Release|Any CPU
		{41320F0E-1B67-4A33-ADDA-CE8631BBF28B}.Debug|Any CPU.ActiveCfg = Debug|Any CPU
		{41320F0E-1B67-4A33-ADDA-CE8631BBF28B}.Debug|Any CPU.Build.0 = Debug|Any CPU
		{41320F0E-1B67-4A33-ADDA-CE8631BBF28B}.Release|Any CPU.ActiveCfg = Release|Any CPU
		{41320F0E-1B67-4A33-ADDA-CE8631BBF28B}.Release|Any CPU.Build.0 = Release|Any CPU
		{B482A77F-CD1E-4F9F-8CBE-7DB94578FF8C}.Debug|Any CPU.ActiveCfg = Debug|Any CPU
		{B482A77F-CD1E-4F9F-8CBE-7DB94578FF8C}.Debug|Any CPU.Build.0 = Debug|Any CPU
		{B482A77F-CD1E-4F9F-8CBE-7DB94578FF8C}.Release|Any CPU.ActiveCfg = Release|Any CPU
		{B482A77F-CD1E-4F9F-8CBE-7DB94578FF8C}.Release|Any CPU.Build.0 = Release|Any CPU
		{BE994551-16A0-4840-98C0-8E6F695DF1A4}.Debug|Any CPU.ActiveCfg = Debug|Any CPU
		{BE994551-16A0-4840-98C0-8E6F695DF1A4}.Debug|Any CPU.Build.0 = Debug|Any CPU
		{BE994551-16A0-4840-98C0-8E6F695DF1A4}.Release|Any CPU.ActiveCfg = Release|Any CPU
		{BE994551-16A0-4840-98C0-8E6F695DF1A4}.Release|Any CPU.Build.0 = Release|Any CPU
	EndGlobalSection
	GlobalSection(SolutionProperties) = preSolution
		HideSolutionNode = FALSE
	EndGlobalSection
	GlobalSection(NestedProjects) = preSolution
		{87EB52B2-6E0A-4050-ADD4-42852488E29B} = {F51C7A97-89E8-4900-BD7F-4369F15DFE5E}
		{82EEC33A-6097-4C31-9F2C-C0FC7167308A} = {F51C7A97-89E8-4900-BD7F-4369F15DFE5E}
		{0B482E32-59FD-4056-97BC-1259A53D02FF} = {87EB52B2-6E0A-4050-ADD4-42852488E29B}
		{8E40EF22-8527-4298-8081-62C990E91C99} = {82EEC33A-6097-4C31-9F2C-C0FC7167308A}
		{A09139F9-00C9-4D01-A085-0B8CC0EB8D75} = {D92D8E9D-C23E-44D8-91F0-77EA3A4B537E}
		{C919B8E7-41D9-491A-BF2A-5E28267AD609} = {D08B9740-E2FF-475E-AF83-ABC2D1117B85}
		{190AC7A3-BA51-4648-9C69-D591985911F9} = {D08B9740-E2FF-475E-AF83-ABC2D1117B85}
		{45FE2098-16CC-4E03-A24C-9EBB3D9CE2DC} = {C919B8E7-41D9-491A-BF2A-5E28267AD609}
		{FCA39AD1-25CB-49DE-8417-BCF43490C7DA} = {190AC7A3-BA51-4648-9C69-D591985911F9}
		{99F6CAF9-6211-47D5-A9EF-65A5B2DDF412} = {1A36643D-3C83-49B1-8B7C-3810E7F94045}
		{A2F3F401-7E45-451A-8A43-BD60EA299297} = {1A36643D-3C83-49B1-8B7C-3810E7F94045}
		{EA711F3E-1BD3-4E2B-88D6-A5658209826E} = {99F6CAF9-6211-47D5-A9EF-65A5B2DDF412}
		{3E487E7F-1DAF-4054-A11E-0D7537317EA7} = {A2F3F401-7E45-451A-8A43-BD60EA299297}
		{0A32AD5E-D971-47CE-B881-80B62CD9A88D} = {5017940B-7080-4C03-9E85-344CA0BE6086}
		{CF52F355-6920-4E41-B560-93AFDDB1FA51} = {5017940B-7080-4C03-9E85-344CA0BE6086}
		{41320F0E-1B67-4A33-ADDA-CE8631BBF28B} = {0A32AD5E-D971-47CE-B881-80B62CD9A88D}
		{B482A77F-CD1E-4F9F-8CBE-7DB94578FF8C} = {CF52F355-6920-4E41-B560-93AFDDB1FA51}
		{BE994551-16A0-4840-98C0-8E6F695DF1A4} = {D92D8E9D-C23E-44D8-91F0-77EA3A4B537E}
	EndGlobalSection
	GlobalSection(ExtensibilityGlobals) = postSolution
		SolutionGuid = {7ABB61E4-72C7-4BDD-B597-1E8CF51DF78B}
	EndGlobalSection
EndGlobal
